
Microsoft Visual Studio Solution File, Format Version 12.00
# Visual Studio Version 16
VisualStudioVersion = 16.0.32630.194
MinimumVisualStudioVersion = 10.0.40219.1
Project("{888888A0-9F3D-457C-B088-3A5042F75D52}") = "Stocks_Web", "Stocks_Web.pyproj", "{1AD66DFF-36E9-4B78-9203-6106B0D7C820}"
EndProject
Global
	GlobalSection(SolutionConfigurationPlatforms) = preSolution
		Debug|Any CPU = Debug|Any CPU
		Release|Any CPU = Release|Any CPU
	EndGlobalSection
	GlobalSection(ProjectConfigurationPlatforms) = postSolution
		{1AD66DFF-36E9-4B78-9203-6106B0D7C820}.Debug|Any CPU.ActiveCfg = Debug|Any CPU
		{1AD66DFF-36E9-4B78-9203-6106B0D7C820}.Debug|Any CPU.Build.0 = Debug|Any CPU
		{1AD66DFF-36E9-4B78-9203-6106B0D7C820}.Release|Any CPU.ActiveCfg = Release|Any CPU
		{1AD66DFF-36E9-4B78-9203-6106B0D7C820}.Release|Any CPU.Build.0 = Release|Any CPU
	EndGlobalSection
	GlobalSection(SolutionProperties) = preSolution
		HideSolutionNode = FALSE
	EndGlobalSection
	GlobalSection(ExtensibilityGlobals) = postSolution
		SolutionGuid = {23182854-BC81-48D6-8A22-6BCA1ABE5DAB}
	EndGlobalSection
EndGlobal
